
Microsoft Visual Studio Solution File, Format Version 12.00
# Visual Studio 15
VisualStudioVersion = 15.0.27130.2036
MinimumVisualStudioVersion = 10.0.40219.1
Project("{8BC9CEB8-8B4A-11D0-8D11-00A0C91BC942}") = "taask33", "taask33\taask33.vcxproj", "{7F9DA95B-5887-4C50-985D-0F6E5A96BE31}"
EndProject
Global
	GlobalSection(SolutionConfigurationPlatforms) = preSolution
		Debug|x64 = Debug|x64
		Debug|x86 = Debug|x86
		Release|x64 = Release|x64
		Release|x86 = Release|x86
	EndGlobalSection
	GlobalSection(ProjectConfigurationPlatforms) = postSolution
		{7F9DA95B-5887-4C50-985D-0F6E5A96BE31}.Debug|x64.ActiveCfg = Debug|x64
		{7F9DA95B-5887-4C50-985D-0F6E5A96BE31}.Debug|x64.Build.0 = Debug|x64
		{7F9DA95B-5887-4C50-985D-0F6E5A96BE31}.Debug|x86.ActiveCfg = Debug|Win32
		{7F9DA95B-5887-4C50-985D-0F6E5A96BE31}.Debug|x86.Build.0 = Debug|Win32
		{7F9DA95B-5887-4C50-985D-0F6E5A96BE31}.Release|x64.ActiveCfg = Release|x64
		{7F9DA95B-5887-4C50-985D-0F6E5A96BE31}.Release|x64.Build.0 = Release|x64
		{7F9DA95B-5887-4C50-985D-0F6E5A96BE31}.Release|x86.ActiveCfg = Release|Win32
		{7F9DA95B-5887-4C50-985D-0F6E5A96BE31}.Release|x86.Build.0 = Release|Win32
	EndGlobalSection
	GlobalSection(SolutionProperties) = preSolution
		HideSolutionNode = FALSE
	EndGlobalSection
	GlobalSection(ExtensibilityGlobals) = postSolution
		SolutionGuid = {CE730902-1E2A-4506-B519-6F71E8AAFDBA}
	EndGlobalSection
EndGlobal
